
Microsoft Visual Studio Solution File, Format Version 11.00
# Visual Studio 2010
Project("{FAE04EC0-301F-11D3-BF4B-00C04F79EFBC}") = "LibertyReserve", "LibertyReserve\LibertyReserve.csproj", "{1E7013B9-794B-46F5-9F62-E8F8F268A2CE}"
EndProject
Project("{FAE04EC0-301F-11D3-BF4B-00C04F79EFBC}") = "LRDemo", "LRDemo\LRDemo.csproj", "{21779C2E-9565-4EC1-BBF8-6D723E62F0D5}"
EndProject
Global
	GlobalSection(SolutionConfigurationPlatforms) = preSolution
		Debug|Any CPU = Debug|Any CPU
		Release|Any CPU = Release|Any CPU
	EndGlobalSection
	GlobalSection(ProjectConfigurationPlatforms) = postSolution
		{1E7013B9-794B-46F5-9F62-E8F8F268A2CE}.Debug|Any CPU.ActiveCfg = Debug|Any CPU
		{1E7013B9-794B-46F5-9F62-E8F8F268A2CE}.Debug|Any CPU.Build.0 = Debug|Any CPU
		{1E7013B9-794B-46F5-9F62-E8F8F268A2CE}.Release|Any CPU.ActiveCfg = Release|Any CPU
		{1E7013B9-794B-46F5-9F62-E8F8F268A2CE}.Release|Any CPU.Build.0 = Release|Any CPU
		{21779C2E-9565-4EC1-BBF8-6D723E62F0D5}.Debug|Any CPU.ActiveCfg = Debug|Any CPU
		{21779C2E-9565-4EC1-BBF8-6D723E62F0D5}.Debug|Any CPU.Build.0 = Debug|Any CPU
		{21779C2E-9565-4EC1-BBF8-6D723E62F0D5}.Release|Any CPU.ActiveCfg = Release|Any CPU
		{21779C2E-9565-4EC1-BBF8-6D723E62F0D5}.Release|Any CPU.Build.0 = Release|Any CPU
	EndGlobalSection
	GlobalSection(MonoDevelopProperties) = preSolution
		StartupItem = LRDemo\LRDemo.csproj
	EndGlobalSection
EndGlobal
